
Microsoft Visual Studio Solution File, Format Version 12.00
# 
Project("{2150E333-8FDC-42A3-9474-1A3956D46DE8}") = "src", "src", "{B2BC434A-7988-42AB-A569-0BBABCA55D29}"
EndProject
Project("{2150E333-8FDC-42A3-9474-1A3956D46DE8}") = "tests", "tests", "{B896A8AC-AFDC-4DCA-9C78-E67A12C4B516}"
EndProject
Project("{FAE04EC0-301F-11D3-BF4B-00C04F79EFBC}") = "ResulT", "src\ResulT\ResulT.csproj", "{9C0889F0-A7A3-4FCE-8148-8FF45E1AC61B}"
EndProject
Project("{FAE04EC0-301F-11D3-BF4B-00C04F79EFBC}") = "ResulT.Extensions", "src\ResulT.Extensions\ResulT.Extensions.csproj", "{441BABB1-2270-4A79-8531-114894E3257A}"
EndProject
Project("{FAE04EC0-301F-11D3-BF4B-00C04F79EFBC}") = "ResulT.Tests", "tests\ResulT.Tests\ResulT.Tests.csproj", "{136E019E-0CB7-4150-8F65-DF1F128BB6A2}"
EndProject
Global
	GlobalSection(SolutionConfigurationPlatforms) = preSolution
		Debug|Any CPU = Debug|Any CPU
		Release|Any CPU = Release|Any CPU
	EndGlobalSection
	GlobalSection(ProjectConfigurationPlatforms) = postSolution
		{9C0889F0-A7A3-4FCE-8148-8FF45E1AC61B}.Debug|Any CPU.ActiveCfg = Debug|Any CPU
		{9C0889F0-A7A3-4FCE-8148-8FF45E1AC61B}.Debug|Any CPU.Build.0 = Debug|Any CPU
		{9C0889F0-A7A3-4FCE-8148-8FF45E1AC61B}.Release|Any CPU.ActiveCfg = Release|Any CPU
		{9C0889F0-A7A3-4FCE-8148-8FF45E1AC61B}.Release|Any CPU.Build.0 = Release|Any CPU
		{441BABB1-2270-4A79-8531-114894E3257A}.Debug|Any CPU.ActiveCfg = Debug|Any CPU
		{441BABB1-2270-4A79-8531-114894E3257A}.Debug|Any CPU.Build.0 = Debug|Any CPU
		{441BABB1-2270-4A79-8531-114894E3257A}.Release|Any CPU.ActiveCfg = Release|Any CPU
		{441BABB1-2270-4A79-8531-114894E3257A}.Release|Any CPU.Build.0 = Release|Any CPU
		{136E019E-0CB7-4150-8F65-DF1F128BB6A2}.Debug|Any CPU.ActiveCfg = Debug|Any CPU
		{136E019E-0CB7-4150-8F65-DF1F128BB6A2}.Debug|Any CPU.Build.0 = Debug|Any CPU
		{136E019E-0CB7-4150-8F65-DF1F128BB6A2}.Release|Any CPU.ActiveCfg = Release|Any CPU
		{136E019E-0CB7-4150-8F65-DF1F128BB6A2}.Release|Any CPU.Build.0 = Release|Any CPU
	EndGlobalSection
	GlobalSection(NestedProjects) = preSolution
		{9C0889F0-A7A3-4FCE-8148-8FF45E1AC61B} = {B2BC434A-7988-42AB-A569-0BBABCA55D29}
		{441BABB1-2270-4A79-8531-114894E3257A} = {B2BC434A-7988-42AB-A569-0BBABCA55D29}
		{136E019E-0CB7-4150-8F65-DF1F128BB6A2} = {B896A8AC-AFDC-4DCA-9C78-E67A12C4B516}
	EndGlobalSection
EndGlobal
